// !$*UTF8*$!
{
	archiveVersion = 1;
	classes = {
	};
	objectVersion = 46;
	objects = {

/* Begin PBXBuildFile section */
		03CA77FD66FF762088AE65CA /* Pods_BigmarkerRoom.framework in Frameworks */ = {isa = PBXBuildFile; fileRef = 22727CAA4F7C93A66C6280D7 /* Pods_BigmarkerRoom.framework */; };
		20508C39205114B2007B7BAF /* AppDelegate.swift in Sources */ = {isa = PBXBuildFile; fileRef = 20508C38205114B2007B7BAF /* AppDelegate.swift */; };
		20508C3B205114B2007B7BAF /* ViewController.swift in Sources */ = {isa = PBXBuildFile; fileRef = 20508C3A205114B2007B7BAF /* ViewController.swift */; };
		20508C3E205114B2007B7BAF /* Main.storyboard in Resources */ = {isa = PBXBuildFile; fileRef = 20508C3C205114B2007B7BAF /* Main.storyboard */; };
		20508C40205114B2007B7BAF /* Assets.xcassets in Resources */ = {isa = PBXBuildFile; fileRef = 20508C3F205114B2007B7BAF /* Assets.xcassets */; };
		20508C43205114B2007B7BAF /* LaunchScreen.storyboard in Resources */ = {isa = PBXBuildFile; fileRef = 20508C41205114B2007B7BAF /* LaunchScreen.storyboard */; };
/* End PBXBuildFile section */

/* Begin PBXFileReference section */
		20508C35205114B2007B7BAF /* BigmarkerRoom.app */ = {isa = PBXFileReference; explicitFileType = wrapper.application; includeInIndex = 0; path = BigmarkerRoom.app; sourceTree = BUILT_PRODUCTS_DIR; };
		20508C38205114B2007B7BAF /* AppDelegate.swift */ = {isa = PBXFileReference; lastKnownFileType = sourcecode.swift; path = AppDelegate.swift; sourceTree = "<group>"; };
		20508C3A205114B2007B7BAF /* ViewController.swift */ = {isa = PBXFileReference; lastKnownFileType = sourcecode.swift; path = ViewController.swift; sourceTree = "<group>"; };
		20508C3D205114B2007B7BAF /* Base */ = {isa = PBXFileReference; lastKnownFileType = file.storyboard; name = Base; path = Base.lproj/Main.storyboard; sourceTree = "<group>"; };
		20508C3F205114B2007B7BAF /* Assets.xcassets */ = {isa = PBXFileReference; lastKnownFileType = folder.assetcatalog; path = Assets.xcassets; sourceTree = "<group>"; };
		20508C42205114B2007B7BAF /* Base */ = {isa = PBXFileReference; lastKnownFileType = file.storyboard; name = Base; path = Base.lproj/LaunchScreen.storyboard; sourceTree = "<group>"; };
		20508C44205114B2007B7BAF /* Info.plist */ = {isa = PBXFileReference; lastKnownFileType = text.plist.xml; path = Info.plist; sourceTree = "<group>"; };
		22727CAA4F7C93A66C6280D7 /* Pods_BigmarkerRoom.framework */ = {isa = PBXFileReference; explicitFileType = wrapper.framework; includeInIndex = 0; path = Pods_BigmarkerRoom.framework; sourceTree = BUILT_PRODUCTS_DIR; };
		82ECDE6870FEBFA490BA99E7 /* Pods-BigmarkerRoom.release.xcconfig */ = {isa = PBXFileReference; includeInIndex = 1; lastKnownFileType = text.xcconfig; name = "Pods-BigmarkerRoom.release.xcconfig"; path = "Pods/Target Support Files/Pods-BigmarkerRoom/Pods-BigmarkerRoom.release.xcconfig"; sourceTree = "<group>"; };
		8365C72000434A930169BCC8 /* Pods-BigmarkerRoom.debug.xcconfig */ = {isa = PBXFileReference; includeInIndex = 1; lastKnownFileType = text.xcconfig; name = "Pods-BigmarkerRoom.debug.xcconfig"; path = "Pods/Target Support Files/Pods-BigmarkerRoom/Pods-BigmarkerRoom.debug.xcconfig"; sourceTree = "<group>"; };
/* End PBXFileReference section */

/* Begin PBXFrameworksBuildPhase section */
		20508C32205114B2007B7BAF /* Frameworks */ = {
			isa = PBXFrameworksBuildPhase;
			buildActionMask = 2147483647;
			files = (
				03CA77FD66FF762088AE65CA /* Pods_BigmarkerRoom.framework in Frameworks */,
			);
			runOnlyForDeploymentPostprocessing = 0;
		};
/* End PBXFrameworksBuildPhase section */

/* Begin PBXGroup section */
		14B28D6737FBD73CA110EF05 /* Pods */ = {
			isa = PBXGroup;
			children = (
				8365C72000434A930169BCC8 /* Pods-BigmarkerRoom.debug.xcconfig */,
				82ECDE6870FEBFA490BA99E7 /* Pods-BigmarkerRoom.release.xcconfig */,
			);
			name = Pods;
			sourceTree = "<group>";
		};
		20508C2C205114B2007B7BAF = {
			isa = PBXGroup;
			children = (
				20508C37205114B2007B7BAF /* BigmarkerRoom */,
				20508C36205114B2007B7BAF /* Products */,
				14B28D6737FBD73CA110EF05 /* Pods */,
				9A3E6AB716B040CF0184E85B /* Frameworks */,
			);
			sourceTree = "<group>";
		};
		20508C36205114B2007B7BAF /* Products */ = {
			isa = PBXGroup;
			children = (
				20508C35205114B2007B7BAF /* BigmarkerRoom.app */,
			);
			name = Products;
			sourceTree = "<group>";
		};
		20508C37205114B2007B7BAF /* BigmarkerRoom */ = {
			isa = PBXGroup;
			children = (
				20508C38205114B2007B7BAF /* AppDelegate.swift */,
				20508C3A205114B2007B7BAF /* ViewController.swift */,
				20508C3C205114B2007B7BAF /* Main.storyboard */,
				20508C3F205114B2007B7BAF /* Assets.xcassets */,
				20508C41205114B2007B7BAF /* LaunchScreen.storyboard */,
				20508C44205114B2007B7BAF /* Info.plist */,
			);
			path = BigmarkerRoom;
			sourceTree = "<group>";
		};
		9A3E6AB716B040CF0184E85B /* Frameworks */ = {
			isa = PBXGroup;
			children = (
				22727CAA4F7C93A66C6280D7 /* Pods_BigmarkerRoom.framework */,
			);
			name = Frameworks;
			sourceTree = "<group>";
		};
/* End PBXGroup section */

/* Begin PBXNativeTarget section */
		20508C34205114B2007B7BAF /* BigmarkerRoom */ = {
			isa = PBXNativeTarget;
			buildConfigurationList = 20508C47205114B2007B7BAF /* Build configuration list for PBXNativeTarget "BigmarkerRoom" */;
			buildPhases = (
				14FFBE153593C8E9AD7F5F33 /* [CP] Check Pods Manifest.lock */,
				20508C31205114B2007B7BAF /* Sources */,
				20508C32205114B2007B7BAF /* Frameworks */,
				20508C33205114B2007B7BAF /* Resources */,
				3E60CC1A72F42469C16A21CC /* [CP] Embed Pods Frameworks */,
				D9F9796D9C5AB79E5138B07C /* [CP] Copy Pods Resources */,
			);
			buildRules = (
			);
			dependencies = (
			);
			name = BigmarkerRoom;
			productName = BigmarkerRoom;
			productReference = 20508C35205114B2007B7BAF /* BigmarkerRoom.app */;
			productType = "com.apple.product-type.application";
		};
/* End PBXNativeTarget section */

/* Begin PBXProject section */
		20508C2D205114B2007B7BAF /* Project object */ = {
			isa = PBXProject;
			attributes = {
				LastSwiftUpdateCheck = 0820;
				LastUpgradeCheck = 0820;
				ORGANIZATIONNAME = bigmarker;
				TargetAttributes = {
					20508C34205114B2007B7BAF = {
						CreatedOnToolsVersion = 8.2;
						DevelopmentTeam = LDJ79JV2CS;
						ProvisioningStyle = Automatic;
					};
				};
			};
			buildConfigurationList = 20508C30205114B2007B7BAF /* Build configuration list for PBXProject "BigmarkerRoom" */;
			compatibilityVersion = "Xcode 3.2";
			developmentRegion = English;
			hasScannedForEncodings = 0;
			knownRegions = (
				en,
				Base,
			);
			mainGroup = 20508C2C205114B2007B7BAF;
			productRefGroup = 20508C36205114B2007B7BAF /* Products */;
			projectDirPath = "";
			projectRoot = "";
			targets = (
				20508C34205114B2007B7BAF /* BigmarkerRoom */,
			);
		};
/* End PBXProject section */

/* Begin PBXResourcesBuildPhase section */
		20508C33205114B2007B7BAF /* Resources */ = {
			isa = PBXResourcesBuildPhase;
			buildActionMask = 2147483647;
			files = (
				20508C43205114B2007B7BAF /* LaunchScreen.storyboard in Resources */,
				20508C40205114B2007B7BAF /* Assets.xcassets in Resources */,
				20508C3E205114B2007B7BAF /* Main.storyboard in Resources */,
			);
			runOnlyForDeploymentPostprocessing = 0;
		};
/* End PBXResourcesBuildPhase section */

/* Begin PBXShellScriptBuildPhase section */
		14FFBE153593C8E9AD7F5F33 /* [CP] Check Pods Manifest.lock */ = {
			isa = PBXShellScriptBuildPhase;
			buildActionMask = 2147483647;
			files = (
			);
			inputPaths = (
			);
			name = "[CP] Check Pods Manifest.lock";
			outputPaths = (
			);
			runOnlyForDeploymentPostprocessing = 0;
			shellPath = /bin/sh;
			shellScript = "diff \"${PODS_ROOT}/../Podfile.lock\" \"${PODS_ROOT}/Manifest.lock\" > /dev/null\nif [ $? != 0 ] ; then\n    # print error to STDERR\n    echo \"error: The sandbox is not in sync with the Podfile.lock. Run 'pod install' or update your CocoaPods installation.\" >&2\n    exit 1\nfi\n";
			showEnvVarsInLog = 0;
		};
		3E60CC1A72F42469C16A21CC /* [CP] Embed Pods Frameworks */ = {
			isa = PBXShellScriptBuildPhase;
			buildActionMask = 2147483647;
			files = (
			);
			inputPaths = (
			);
			name = "[CP] Embed Pods Frameworks";
			outputPaths = (
			);
			runOnlyForDeploymentPostprocessing = 0;
			shellPath = /bin/sh;
			shellScript = "\"${SRCROOT}/Pods/Target Support Files/Pods-BigmarkerRoom/Pods-BigmarkerRoom-frameworks.sh\"\n";
			showEnvVarsInLog = 0;
		};
		D9F9796D9C5AB79E5138B07C /* [CP] Copy Pods Resources */ = {
			isa = PBXShellScriptBuildPhase;
			buildActionMask = 2147483647;
			files = (
			);
			inputPaths = (
			);
			name = "[CP] Copy Pods Resources";
			outputPaths = (
			);
			runOnlyForDeploymentPostprocessing = 0;
			shellPath = /bin/sh;
			shellScript = "\"${SRCROOT}/Pods/Target Support Files/Pods-BigmarkerRoom/Pods-BigmarkerRoom-resources.sh\"\n";
			showEnvVarsInLog = 0;
		};
/* End PBXShellScriptBuildPhase section */

/* Begin PBXSourcesBuildPhase section */
		20508C31205114B2007B7BAF /* Sources */ = {
			isa = PBXSourcesBuildPhase;
			buildActionMask = 2147483647;
			files = (
				20508C3B205114B2007B7BAF /* ViewController.swift in Sources */,
				20508C39205114B2007B7BAF /* AppDelegate.swift in Sources */,
			);
			runOnlyForDeploymentPostprocessing = 0;
		};
/* End PBXSourcesBuildPhase section */

/* Begin PBXVariantGroup section */
		20508C3C205114B2007B7BAF /* Main.storyboard */ = {
			isa = PBXVariantGroup;
			children = (
				20508C3D205114B2007B7BAF /* Base */,
			);
			name = Main.storyboard;
			sourceTree = "<group>";
		};
		20508C41205114B2007B7BAF /* LaunchScreen.storyboard */ = {
			isa = PBXVariantGroup;
			children = (
				20508C42205114B2007B7BAF /* Base */,
			);
			name = LaunchScreen.storyboard;
			sourceTree = "<group>";
		};
/* End PBXVariantGroup section */

/* Begin XCBuildConfiguration section */
		20508C45205114B2007B7BAF /* Debug */ = {
			isa = XCBuildConfiguration;
			buildSettings = {
				ALWAYS_SEARCH_USER_PATHS = NO;
				CLANG_ANALYZER_NONNULL = YES;
				CLANG_CXX_LANGUAGE_STANDARD = "gnu++0x";
				CLANG_CXX_LIBRARY = "libc++";
				CLANG_ENABLE_MODULES = YES;
				CLANG_ENABLE_OBJC_ARC = YES;
				CLANG_WARN_BOOL_CONVERSION = YES;
				CLANG_WARN_CONSTANT_CONVERSION = YES;
				CLANG_WARN_DIRECT_OBJC_ISA_USAGE = YES_ERROR;
				CLANG_WARN_DOCUMENTATION_COMMENTS = YES;
				CLANG_WARN_EMPTY_BODY = YES;
				CLANG_WARN_ENUM_CONVERSION = YES;
				CLANG_WARN_INFINITE_RECURSION = YES;
				CLANG_WARN_INT_CONVERSION = YES;
				CLANG_WARN_OBJC_ROOT_CLASS = YES_ERROR;
				CLANG_WARN_SUSPICIOUS_MOVE = YES;
				CLANG_WARN_UNREACHABLE_CODE = YES;
				CLANG_WARN__DUPLICATE_METHOD_MATCH = YES;
				"CODE_SIGN_IDENTITY[sdk=iphoneos*]" = "iPhone Developer";
				COPY_PHASE_STRIP = NO;
				DEBUG_INFORMATION_FORMAT = dwarf;
				ENABLE_STRICT_OBJC_MSGSEND = YES;
				ENABLE_TESTABILITY = YES;
				GCC_C_LANGUAGE_STANDARD = gnu99;
				GCC_DYNAMIC_NO_PIC = NO;
				GCC_NO_COMMON_BLOCKS = YES;
				GCC_OPTIMIZATION_LEVEL = 0;
				GCC_PREPROCESSOR_DEFINITIONS = (
					"DEBUG=1",
					"$(inherited)",
				);
				GCC_WARN_64_TO_32_BIT_CONVERSION = YES;
				GCC_WARN_ABOUT_RETURN_TYPE = YES_ERROR;
				GCC_WARN_UNDECLARED_SELECTOR = YES;
				GCC_WARN_UNINITIALIZED_AUTOS = YES_AGGRESSIVE;
				GCC_WARN_UNUSED_FUNCTION = YES;
				GCC_WARN_UNUSED_VARIABLE = YES;
				IPHONEOS_DEPLOYMENT_TARGET = 10.2;
				MTL_ENABLE_DEBUG_INFO = YES;
				ONLY_ACTIVE_ARCH = YES;
				SDKROOT = iphoneos;
				SWIFT_ACTIVE_COMPILATION_CONDITIONS = DEBUG;
				SWIFT_OPTIMIZATION_LEVEL = "-Onone";
				TARGETED_DEVICE_FAMILY = "1,2";
			};
			name = Debug;
		};
		20508C46205114B2007B7BAF /* Release */ = {
			isa = XCBuildConfiguration;
			buildSettings = {
				ALWAYS_SEARCH_USER_PATHS = NO;
				CLANG_ANALYZER_NONNULL = YES;
				CLANG_CXX_LANGUAGE_STANDARD = "gnu++0x";
				CLANG_CXX_LIBRARY = "libc++";
				CLANG_ENABLE_MODULES = YES;
				CLANG_ENABLE_OBJC_ARC = YES;
				CLANG_WARN_BOOL_CONVERSION = YES;
				CLANG_WARN_CONSTANT_CONVERSION = YES;
				CLANG_WARN_DIRECT_OBJC_ISA_USAGE = YES_ERROR;
				CLANG_WARN_DOCUMENTATION_COMMENTS = YES;
				CLANG_WARN_EMPTY_BODY = YES;
				CLANG_WARN_ENUM_CONVERSION = YES;
				CLANG_WARN_INFINITE_RECURSION = YES;
				CLANG_WARN_INT_CONVERSION = YES;
				CLANG_WARN_OBJC_ROOT_CLASS = YES_ERROR;
				CLANG_WARN_SUSPICIOUS_MOVE = YES;
				CLANG_WARN_UNREACHABLE_CODE = YES;
				CLANG_WARN__DUPLICATE_METHOD_MATCH = YES;
				"CODE_SIGN_IDENTITY[sdk=iphoneos*]" = "iPhone Developer";
				COPY_PHASE_STRIP = NO;
				DEBUG_INFORMATION_FORMAT = "dwarf-with-dsym";
				ENABLE_NS_ASSERTIONS = NO;
				ENABLE_STRICT_OBJC_MSGSEND = YES;
				GCC_C_LANGUAGE_STANDARD = gnu99;
				GCC_NO_COMMON_BLOCKS = YES;
				GCC_WARN_64_TO_32_BIT_CONVERSION = YES;
				GCC_WARN_ABOUT_RETURN_TYPE = YES_ERROR;
				GCC_WARN_UNDECLARED_SELECTOR = YES;
				GCC_WARN_UNINITIALIZED_AUTOS = YES_AGGRESSIVE;
				GCC_WARN_UNUSED_FUNCTION = YES;
				GCC_WARN_UNUSED_VARIABLE = YES;
				IPHONEOS_DEPLOYMENT_TARGET = 10.2;
				MTL_ENABLE_DEBUG_INFO = NO;
				SDKROOT = iphoneos;
				SWIFT_OPTIMIZATION_LEVEL = "-Owholemodule";
				TARGETED_DEVICE_FAMILY = "1,2";
				VALIDATE_PRODUCT = YES;
			};
			name = Release;
		};
		20508C48205114B2007B7BAF /* Debug */ = {
			isa = XCBuildConfiguration;
			baseConfigurationReference = 8365C72000434A930169BCC8 /* Pods-BigmarkerRoom.debug.xcconfig */;
			buildSettings = {
				ASSETCATALOG_COMPILER_APPICON_NAME = AppIcon;
				DEVELOPMENT_TEAM = LDJ79JV2CS;
				INFOPLIST_FILE = BigmarkerRoom/Info.plist;
				IPHONEOS_DEPLOYMENT_TARGET = 9.0;
				LD_RUNPATH_SEARCH_PATHS = "$(inherited) @executable_path/Frameworks";
				PRODUCT_BUNDLE_IDENTIFIER = com.bigmarker.BigmarkerRoom;
				PRODUCT_NAME = "$(TARGET_NAME)";
				SWIFT_VERSION = 3.0;
			};
			name = Debug;
		};
		20508C49205114B2007B7BAF /* Release */ = {
			isa = XCBuildConfiguration;
			baseConfigurationReference = 82ECDE6870FEBFA490BA99E7 /* Pods-BigmarkerRoom.release.xcconfig */;
			buildSettings = {
				ASSETCATALOG_COMPILER_APPICON_NAME = AppIcon;
				DEVELOPMENT_TEAM = LDJ79JV2CS;
				INFOPLIST_FILE = BigmarkerRoom/Info.plist;
				IPHONEOS_DEPLOYMENT_TARGET = 9.0;
				LD_RUNPATH_SEARCH_PATHS = "$(inherited) @executable_path/Frameworks";
				PRODUCT_BUNDLE_IDENTIFIER = com.bigmarker.BigmarkerRoom;
				PRODUCT_NAME = "$(TARGET_NAME)";
				SWIFT_VERSION = 3.0;
			};
			name = Release;
		};
/* End XCBuildConfiguration section */

/* Begin XCConfigurationList section */
		20508C30205114B2007B7BAF /* Build configuration list for PBXProject "BigmarkerRoom" */ = {
			isa = XCConfigurationList;
			buildConfigurations = (
				20508C45205114B2007B7BAF /* Debug */,
				20508C46205114B2007B7BAF /* Release */,
			);
			defaultConfigurationIsVisible = 0;
			defaultConfigurationName = Release;
		};
		20508C47205114B2007B7BAF /* Build configuration list for PBXNativeTarget "BigmarkerRoom" */ = {
			isa = XCConfigurationList;
			buildConfigurations = (
				20508C48205114B2007B7BAF /* Debug */,
				20508C49205114B2007B7BAF /* Release */,
			);
			defaultConfigurationIsVisible = 0;
		};
/* End XCConfigurationList section */
	};
	rootObject = 20508C2D205114B2007B7BAF /* Project object */;
}
